
Microsoft Visual Studio Solution File, Format Version 12.00
# Visual Studio Version 17
VisualStudioVersion = 17.13.36105.23 d17.13
MinimumVisualStudioVersion = 10.0.40219.1
Project("{FAE04EC0-301F-11D3-BF4B-00C04F79EFBC}") = "BasicWebApp", "BasicWebApp\BasicWebApp.csproj", "{384932BD-9A52-4992-88D9-1490F33D50FC}"
EndProject
Global
	GlobalSection(SolutionConfigurationPlatforms) = preSolution
		Debug|Any CPU = Debug|Any CPU
		Release|Any CPU = Release|Any CPU
	EndGlobalSection
	GlobalSection(ProjectConfigurationPlatforms) = postSolution
		{384932BD-9A52-4992-88D9-1490F33D50FC}.Debug|Any CPU.ActiveCfg = Debug|Any CPU
		{384932BD-9A52-4992-88D9-1490F33D50FC}.Debug|Any CPU.Build.0 = Debug|Any CPU
		{384932BD-9A52-4992-88D9-1490F33D50FC}.Release|Any CPU.ActiveCfg = Release|Any CPU
		{384932BD-9A52-4992-88D9-1490F33D50FC}.Release|Any CPU.Build.0 = Release|Any CPU
	EndGlobalSection
	GlobalSection(SolutionProperties) = preSolution
		HideSolutionNode = FALSE
	EndGlobalSection
	GlobalSection(ExtensibilityGlobals) = postSolution
		SolutionGuid = {F326AD3F-D7AC-499E-9AE3-25ACA67CBFF7}
	EndGlobalSection
EndGlobal
